
Microsoft Visual Studio Solution File, Format Version 12.00
# Visual Studio Version 16
VisualStudioVersion = 16.0.31624.102
MinimumVisualStudioVersion = 10.0.40219.1
Project("{FAE04EC0-301F-11D3-BF4B-00C04F79EFBC}") = "AwesomeXamarinApp.Android", "AwesomeXamarinApp\AwesomeXamarinApp.Android\AwesomeXamarinApp.Android.csproj", "{53C0C8E1-D041-4569-938D-244334C1B5DC}"
EndProject
Project("{FAE04EC0-301F-11D3-BF4B-00C04F79EFBC}") = "AwesomeXamarinApp.iOS", "AwesomeXamarinApp\AwesomeXamarinApp.iOS\AwesomeXamarinApp.iOS.csproj", "{EBF10ED5-5A98-43E9-8636-4CB58B2662C0}"
EndProject
Project("{FAE04EC0-301F-11D3-BF4B-00C04F79EFBC}") = "AwesomeXamarinApp", "AwesomeXamarinApp\AwesomeXamarinApp\AwesomeXamarinApp.csproj", "{38C89A3F-B65E-4F96-A695-66B3F13E57C5}"
EndProject
Global
	GlobalSection(SolutionConfigurationPlatforms) = preSolution
		Debug|Any CPU = Debug|Any CPU
		Debug|iPhone = Debug|iPhone
		Debug|iPhoneSimulator = Debug|iPhoneSimulator
		Release|Any CPU = Release|Any CPU
		Release|iPhone = Release|iPhone
		Release|iPhoneSimulator = Release|iPhoneSimulator
	EndGlobalSection
	GlobalSection(ProjectConfigurationPlatforms) = postSolution
		{53C0C8E1-D041-4569-938D-244334C1B5DC}.Debug|Any CPU.ActiveCfg = Debug|Any CPU
		{53C0C8E1-D041-4569-938D-244334C1B5DC}.Debug|Any CPU.Build.0 = Debug|Any CPU
		{53C0C8E1-D041-4569-938D-244334C1B5DC}.Debug|Any CPU.Deploy.0 = Debug|Any CPU
		{53C0C8E1-D041-4569-938D-244334C1B5DC}.Debug|iPhone.ActiveCfg = Debug|Any CPU
		{53C0C8E1-D041-4569-938D-244334C1B5DC}.Debug|iPhone.Build.0 = Debug|Any CPU
		{53C0C8E1-D041-4569-938D-244334C1B5DC}.Debug|iPhone.Deploy.0 = Debug|Any CPU
		{53C0C8E1-D041-4569-938D-244334C1B5DC}.Debug|iPhoneSimulator.ActiveCfg = Debug|Any CPU
		{53C0C8E1-D041-4569-938D-244334C1B5DC}.Debug|iPhoneSimulator.Build.0 = Debug|Any CPU
		{53C0C8E1-D041-4569-938D-244334C1B5DC}.Debug|iPhoneSimulator.Deploy.0 = Debug|Any CPU
		{53C0C8E1-D041-4569-938D-244334C1B5DC}.Release|Any CPU.ActiveCfg = Release|Any CPU
		{53C0C8E1-D041-4569-938D-244334C1B5DC}.Release|Any CPU.Build.0 = Release|Any CPU
		{53C0C8E1-D041-4569-938D-244334C1B5DC}.Release|Any CPU.Deploy.0 = Release|Any CPU
		{53C0C8E1-D041-4569-938D-244334C1B5DC}.Release|iPhone.ActiveCfg = Release|Any CPU
		{53C0C8E1-D041-4569-938D-244334C1B5DC}.Release|iPhone.Build.0 = Release|Any CPU
		{53C0C8E1-D041-4569-938D-244334C1B5DC}.Release|iPhone.Deploy.0 = Release|Any CPU
		{53C0C8E1-D041-4569-938D-244334C1B5DC}.Release|iPhoneSimulator.ActiveCfg = Release|Any CPU
		{53C0C8E1-D041-4569-938D-244334C1B5DC}.Release|iPhoneSimulator.Build.0 = Release|Any CPU
		{53C0C8E1-D041-4569-938D-244334C1B5DC}.Release|iPhoneSimulator.Deploy.0 = Release|Any CPU
		{EBF10ED5-5A98-43E9-8636-4CB58B2662C0}.Debug|Any CPU.ActiveCfg = Debug|iPhone
		{EBF10ED5-5A98-43E9-8636-4CB58B2662C0}.Debug|Any CPU.Build.0 = Debug|iPhone
		{EBF10ED5-5A98-43E9-8636-4CB58B2662C0}.Debug|Any CPU.Deploy.0 = Debug|iPhone
		{EBF10ED5-5A98-43E9-8636-4CB58B2662C0}.Debug|iPhone.ActiveCfg = Debug|iPhone
		{EBF10ED5-5A98-43E9-8636-4CB58B2662C0}.Debug|iPhone.Build.0 = Debug|iPhone
		{EBF10ED5-5A98-43E9-8636-4CB58B2662C0}.Debug|iPhone.Deploy.0 = Debug|iPhone
		{EBF10ED5-5A98-43E9-8636-4CB58B2662C0}.Debug|iPhoneSimulator.ActiveCfg = Debug|iPhoneSimulator
		{EBF10ED5-5A98-43E9-8636-4CB58B2662C0}.Debug|iPhoneSimulator.Build.0 = Debug|iPhoneSimulator
		{EBF10ED5-5A98-43E9-8636-4CB58B2662C0}.Debug|iPhoneSimulator.Deploy.0 = Debug|iPhoneSimulator
		{EBF10ED5-5A98-43E9-8636-4CB58B2662C0}.Release|Any CPU.ActiveCfg = Release|iPhoneSimulator
		{EBF10ED5-5A98-43E9-8636-4CB58B2662C0}.Release|Any CPU.Build.0 = Release|iPhoneSimulator
		{EBF10ED5-5A98-43E9-8636-4CB58B2662C0}.Release|Any CPU.Deploy.0 = Release|iPhoneSimulator
		{EBF10ED5-5A98-43E9-8636-4CB58B2662C0}.Release|iPhone.ActiveCfg = Release|iPhone
		{EBF10ED5-5A98-43E9-8636-4CB58B2662C0}.Release|iPhone.Build.0 = Release|iPhone
		{EBF10ED5-5A98-43E9-8636-4CB58B2662C0}.Release|iPhone.Deploy.0 = Release|iPhone
		{EBF10ED5-5A98-43E9-8636-4CB58B2662C0}.Release|iPhoneSimulator.ActiveCfg = Release|iPhoneSimulator
		{EBF10ED5-5A98-43E9-8636-4CB58B2662C0}.Release|iPhoneSimulator.Build.0 = Release|iPhoneSimulator
		{EBF10ED5-5A98-43E9-8636-4CB58B2662C0}.Release|iPhoneSimulator.Deploy.0 = Release|iPhoneSimulator
		{38C89A3F-B65E-4F96-A695-66B3F13E57C5}.Debug|Any CPU.ActiveCfg = Debug|Any CPU
		{38C89A3F-B65E-4F96-A695-66B3F13E57C5}.Debug|Any CPU.Build.0 = Debug|Any CPU
		{38C89A3F-B65E-4F96-A695-66B3F13E57C5}.Debug|Any CPU.Deploy.0 = Debug|Any CPU
		{38C89A3F-B65E-4F96-A695-66B3F13E57C5}.Debug|iPhone.ActiveCfg = Debug|Any CPU
		{38C89A3F-B65E-4F96-A695-66B3F13E57C5}.Debug|iPhone.Build.0 = Debug|Any CPU
		{38C89A3F-B65E-4F96-A695-66B3F13E57C5}.Debug|iPhone.Deploy.0 = Debug|Any CPU
		{38C89A3F-B65E-4F96-A695-66B3F13E57C5}.Debug|iPhoneSimulator.ActiveCfg = Debug|Any CPU
		{38C89A3F-B65E-4F96-A695-66B3F13E57C5}.Debug|iPhoneSimulator.Build.0 = Debug|Any CPU
		{38C89A3F-B65E-4F96-A695-66B3F13E57C5}.Debug|iPhoneSimulator.Deploy.0 = Debug|Any CPU
		{38C89A3F-B65E-4F96-A695-66B3F13E57C5}.Release|Any CPU.ActiveCfg = Release|Any CPU
		{38C89A3F-B65E-4F96-A695-66B3F13E57C5}.Release|Any CPU.Build.0 = Release|Any CPU
		{38C89A3F-B65E-4F96-A695-66B3F13E57C5}.Release|Any CPU.Deploy.0 = Release|Any CPU
		{38C89A3F-B65E-4F96-A695-66B3F13E57C5}.Release|iPhone.ActiveCfg = Release|Any CPU
		{38C89A3F-B65E-4F96-A695-66B3F13E57C5}.Release|iPhone.Build.0 = Release|Any CPU
		{38C89A3F-B65E-4F96-A695-66B3F13E57C5}.Release|iPhone.Deploy.0 = Release|Any CPU
		{38C89A3F-B65E-4F96-A695-66B3F13E57C5}.Release|iPhoneSimulator.ActiveCfg = Release|Any CPU
		{38C89A3F-B65E-4F96-A695-66B3F13E57C5}.Release|iPhoneSimulator.Build.0 = Release|Any CPU
		{38C89A3F-B65E-4F96-A695-66B3F13E57C5}.Release|iPhoneSimulator.Deploy.0 = Release|Any CPU
	EndGlobalSection
	GlobalSection(SolutionProperties) = preSolution
		HideSolutionNode = FALSE
	EndGlobalSection
	GlobalSection(ExtensibilityGlobals) = postSolution
		SolutionGuid = {1CD325B6-E1CF-4851-83AE-05B923314F30}
	EndGlobalSection
EndGlobal
